Microsoft Visual Studio Solution File, Format Version 12.00
# Visual Studio Version 17
VisualStudioVersion = 17.0.31903.59
MinimumVisualStudioVersion = 10.0.40219.1
Project("{FAE04EC0-301F-11D3-BF4B-00C04F79EFBC}") = "SPCStar.Core", "src\SPCStar.Core\SPCStar.Core.csproj", "{8F3E1CB1-14EE-48EA-8F08-45717FE1F0D2}"
EndProject
Project("{FAE04EC0-301F-11D3-BF4B-00C04F79EFBC}") = "SPCStar.Core.Tests", "tests\SPCStar.Core.Tests\SPCStar.Core.Tests.csproj", "{D4FB6797-96C7-4061-8244-25D90FDC1C3E}"
EndProject
Project("{FAE04EC0-301F-11D3-BF4B-00C04F79EFBC}") = "SPCStar.SmokeTests", "tests\SPCStar.SmokeTests\SPCStar.SmokeTests.csproj", "{79351E26-A2ED-4A9C-BA05-CA3265456B30}"
EndProject
Project("{FAE04EC0-301F-11D3-BF4B-00C04F79EFBC}") = "SPCStar.Api", "src\SPCStar.Api\SPCStar.Api.csproj", "{43C3C8EC-9380-4922-A714-D938643AD685}"
EndProject
Global
	GlobalSection(SolutionConfigurationPlatforms) = preSolution
		Debug|Any CPU = Debug|Any CPU
		Release|Any CPU = Release|Any CPU
	EndGlobalSection
	GlobalSection(ProjectConfigurationPlatforms) = postSolution
		{8F3E1CB1-14EE-48EA-8F08-45717FE1F0D2}.Debug|Any CPU.ActiveCfg = Debug|Any CPU
		{8F3E1CB1-14EE-48EA-8F08-45717FE1F0D2}.Debug|Any CPU.Build.0 = Debug|Any CPU
		{8F3E1CB1-14EE-48EA-8F08-45717FE1F0D2}.Release|Any CPU.ActiveCfg = Release|Any CPU
		{8F3E1CB1-14EE-48EA-8F08-45717FE1F0D2}.Release|Any CPU.Build.0 = Release|Any CPU
		{D4FB6797-96C7-4061-8244-25D90FDC1C3E}.Debug|Any CPU.ActiveCfg = Debug|Any CPU
		{D4FB6797-96C7-4061-8244-25D90FDC1C3E}.Debug|Any CPU.Build.0 = Debug|Any CPU
		{D4FB6797-96C7-4061-8244-25D90FDC1C3E}.Release|Any CPU.ActiveCfg = Release|Any CPU
		{D4FB6797-96C7-4061-8244-25D90FDC1C3E}.Release|Any CPU.Build.0 = Release|Any CPU
		{79351E26-A2ED-4A9C-BA05-CA3265456B30}.Debug|Any CPU.ActiveCfg = Debug|Any CPU
		{79351E26-A2ED-4A9C-BA05-CA3265456B30}.Debug|Any CPU.Build.0 = Debug|Any CPU
		{79351E26-A2ED-4A9C-BA05-CA3265456B30}.Release|Any CPU.ActiveCfg = Release|Any CPU
		{79351E26-A2ED-4A9C-BA05-CA3265456B30}.Release|Any CPU.Build.0 = Release|Any CPU
		{43C3C8EC-9380-4922-A714-D938643AD685}.Debug|Any CPU.ActiveCfg = Debug|Any CPU
		{43C3C8EC-9380-4922-A714-D938643AD685}.Debug|Any CPU.Build.0 = Debug|Any CPU
		{43C3C8EC-9380-4922-A714-D938643AD685}.Release|Any CPU.ActiveCfg = Release|Any CPU
		{43C3C8EC-9380-4922-A714-D938643AD685}.Release|Any CPU.Build.0 = Release|Any CPU
	EndGlobalSection
EndGlobal
